{
  "object": {
    "pins": [
      {
        "package": "TextTable",
        "repositoryURL": "https://github.com/cfilipov/TextTable",
        "state": {
          "branch": "master",
          "revision": "e03289289155b4e7aa565e32862f9cb42140596a",
          "version": null
        }
      }
    ]
  },
  "version": 1
}
